
Microsoft Visual Studio Solution File, Format Version 12.00
# Visual Studio Version 17
VisualStudioVersion = 17.0.31903.59
MinimumVisualStudioVersion = 10.0.40219.1
Project("{9A19103F-16F7-4668-BE54-9A1E7A4F7556}") = "BlazorIS4", "BlazorIS4\BlazorIS4.csproj", "{3721243F-736F-4B70-922E-F9478587A8D1}"
EndProject
Project("{9A19103F-16F7-4668-BE54-9A1E7A4F7556}") = "ProviderJWT", "ProviderJWT\ProviderJWT.csproj", "{4C845B56-D9A6-410F-8931-F78501D7BBF5}"
EndProject
Project("{FAE04EC0-301F-11D3-BF4B-00C04F79EFBC}") = "TestesProviderJWT", "TestesProviderJWT\TestesProviderJWT.csproj", "{8CEECEA6-D6BB-4308-B0EE-F7639CF5AACD}"
EndProject
Project("{2150E333-8FDC-42A3-9474-1A3956D46DE8}") = "Solution Items", "Solution Items", "{3D4DD68B-89E4-4E99-8248-D678E4D16586}"
	ProjectSection(SolutionItems) = preProject
		.editorconfig = .editorconfig
	EndProjectSection
EndProject
Project("{FAE04EC0-301F-11D3-BF4B-00C04F79EFBC}") = "ShieldJWT", "ShieldJWT\ShieldJWT.csproj", "{8603E755-745D-483D-A3EE-70DD42FC442F}"
EndProject
Project("{FAE04EC0-301F-11D3-BF4B-00C04F79EFBC}") = "ShieldJWTLib", "ShieldJWTLib\ShieldJWTLib.csproj", "{422B9B0F-DFC2-4B21-A493-258FC923D340}"
EndProject
Global
	GlobalSection(SolutionConfigurationPlatforms) = preSolution
		Debug|Any CPU = Debug|Any CPU
		Release|Any CPU = Release|Any CPU
		Staging|Any CPU = Staging|Any CPU
	EndGlobalSection
	GlobalSection(ProjectConfigurationPlatforms) = postSolution
		{3721243F-736F-4B70-922E-F9478587A8D1}.Debug|Any CPU.ActiveCfg = Debug|Any CPU
		{3721243F-736F-4B70-922E-F9478587A8D1}.Release|Any CPU.ActiveCfg = Release|Any CPU
		{3721243F-736F-4B70-922E-F9478587A8D1}.Release|Any CPU.Build.0 = Release|Any CPU
		{3721243F-736F-4B70-922E-F9478587A8D1}.Staging|Any CPU.ActiveCfg = Staging|Any CPU
		{4C845B56-D9A6-410F-8931-F78501D7BBF5}.Debug|Any CPU.ActiveCfg = Debug|Any CPU
		{4C845B56-D9A6-410F-8931-F78501D7BBF5}.Release|Any CPU.ActiveCfg = Release|Any CPU
		{4C845B56-D9A6-410F-8931-F78501D7BBF5}.Release|Any CPU.Build.0 = Release|Any CPU
		{4C845B56-D9A6-410F-8931-F78501D7BBF5}.Staging|Any CPU.ActiveCfg = Staging|Any CPU
		{8CEECEA6-D6BB-4308-B0EE-F7639CF5AACD}.Debug|Any CPU.ActiveCfg = Debug|Any CPU
		{8CEECEA6-D6BB-4308-B0EE-F7639CF5AACD}.Release|Any CPU.ActiveCfg = Release|Any CPU
		{8CEECEA6-D6BB-4308-B0EE-F7639CF5AACD}.Release|Any CPU.Build.0 = Release|Any CPU
		{8CEECEA6-D6BB-4308-B0EE-F7639CF5AACD}.Staging|Any CPU.ActiveCfg = Staging|Any CPU
		{8603E755-745D-483D-A3EE-70DD42FC442F}.Debug|Any CPU.ActiveCfg = Debug|Any CPU
		{8603E755-745D-483D-A3EE-70DD42FC442F}.Debug|Any CPU.Build.0 = Debug|Any CPU
		{8603E755-745D-483D-A3EE-70DD42FC442F}.Release|Any CPU.ActiveCfg = Release|Any CPU
		{8603E755-745D-483D-A3EE-70DD42FC442F}.Release|Any CPU.Build.0 = Release|Any CPU
		{8603E755-745D-483D-A3EE-70DD42FC442F}.Staging|Any CPU.ActiveCfg = Staging|Any CPU
		{8603E755-745D-483D-A3EE-70DD42FC442F}.Staging|Any CPU.Build.0 = Staging|Any CPU
		{422B9B0F-DFC2-4B21-A493-258FC923D340}.Debug|Any CPU.ActiveCfg = Debug|Any CPU
		{422B9B0F-DFC2-4B21-A493-258FC923D340}.Debug|Any CPU.Build.0 = Debug|Any CPU
		{422B9B0F-DFC2-4B21-A493-258FC923D340}.Release|Any CPU.ActiveCfg = Release|Any CPU
		{422B9B0F-DFC2-4B21-A493-258FC923D340}.Release|Any CPU.Build.0 = Release|Any CPU
		{422B9B0F-DFC2-4B21-A493-258FC923D340}.Staging|Any CPU.ActiveCfg = Staging|Any CPU
		{422B9B0F-DFC2-4B21-A493-258FC923D340}.Staging|Any CPU.Build.0 = Staging|Any CPU
	EndGlobalSection
	GlobalSection(SolutionProperties) = preSolution
		HideSolutionNode = FALSE
	EndGlobalSection
	GlobalSection(ExtensibilityGlobals) = postSolution
		SolutionGuid = {3EF294F9-195B-4912-9521-A373BB4C356F}
	EndGlobalSection
EndGlobal
