
Microsoft Visual Studio Solution File, Format Version 12.00
# Visual Studio Version 17
VisualStudioVersion = 17.0.31903.59
MinimumVisualStudioVersion = 10.0.40219.1
Project("{9A19103F-16F7-4668-BE54-9A1E7A4F7556}") = "BlazorIS4", "BlazorIS4\BlazorIS4.csproj", "{3721243F-736F-4B70-922E-F9478587A8D1}"
EndProject
Project("{9A19103F-16F7-4668-BE54-9A1E7A4F7556}") = "ProviderJWT", "ProviderJWT\ProviderJWT.csproj", "{4C845B56-D9A6-410F-8931-F78501D7BBF5}"
EndProject
Global
	GlobalSection(SolutionConfigurationPlatforms) = preSolution
		Debug|Any CPU = Debug|Any CPU
		Release|Any CPU = Release|Any CPU
	EndGlobalSection
	GlobalSection(ProjectConfigurationPlatforms) = postSolution
		{3721243F-736F-4B70-922E-F9478587A8D1}.Debug|Any CPU.ActiveCfg = Debug|Any CPU
		{3721243F-736F-4B70-922E-F9478587A8D1}.Debug|Any CPU.Build.0 = Debug|Any CPU
		{3721243F-736F-4B70-922E-F9478587A8D1}.Release|Any CPU.ActiveCfg = Release|Any CPU
		{3721243F-736F-4B70-922E-F9478587A8D1}.Release|Any CPU.Build.0 = Release|Any CPU
		{4C845B56-D9A6-410F-8931-F78501D7BBF5}.Debug|Any CPU.ActiveCfg = Debug|Any CPU
		{4C845B56-D9A6-410F-8931-F78501D7BBF5}.Debug|Any CPU.Build.0 = Debug|Any CPU
		{4C845B56-D9A6-410F-8931-F78501D7BBF5}.Release|Any CPU.ActiveCfg = Release|Any CPU
		{4C845B56-D9A6-410F-8931-F78501D7BBF5}.Release|Any CPU.Build.0 = Release|Any CPU
	EndGlobalSection
	GlobalSection(SolutionProperties) = preSolution
		HideSolutionNode = FALSE
	EndGlobalSection
	GlobalSection(ExtensibilityGlobals) = postSolution
		SolutionGuid = {3EF294F9-195B-4912-9521-A373BB4C356F}
	EndGlobalSection
EndGlobal
